
Microsoft Visual Studio Solution File, Format Version 12.00
# Visual Studio 15
VisualStudioVersion = 15.0.26730.12
MinimumVisualStudioVersion = 10.0.40219.1
Project("{FAE04EC0-301F-11D3-BF4B-00C04F79EFBC}") = "DM.Data", "DM.Data\DM.Data.csproj", "{53C9D3E8-CB01-4114-96AD-35BA9179004D}"
EndProject
Project("{FAE04EC0-301F-11D3-BF4B-00C04F79EFBC}") = "DM.Service", "DM.Service\DM.Service.csproj", "{C9F5EF45-BA89-438D-8D0C-D7E4486AD277}"
EndProject
Project("{FAE04EC0-301F-11D3-BF4B-00C04F79EFBC}") = "DM.Web", "DM.Web\DM.Web.csproj", "{B8A554D0-AA6F-4E01-BD9E-4F6399137ED9}"
EndProject
Project("{FAE04EC0-301F-11D3-BF4B-00C04F79EFBC}") = "DM.Models", "DM.Models\DM.Models.csproj", "{7CC24FEF-B63D-40B2-A995-FA7F11FA43CD}"
EndProject
Global
	GlobalSection(SolutionConfigurationPlatforms) = preSolution
		Debug|Any CPU = Debug|Any CPU
		Release|Any CPU = Release|Any CPU
	EndGlobalSection
	GlobalSection(ProjectConfigurationPlatforms) = postSolution
		{53C9D3E8-CB01-4114-96AD-35BA9179004D}.Debug|Any CPU.ActiveCfg = Debug|Any CPU
		{53C9D3E8-CB01-4114-96AD-35BA9179004D}.Debug|Any CPU.Build.0 = Debug|Any CPU
		{53C9D3E8-CB01-4114-96AD-35BA9179004D}.Release|Any CPU.ActiveCfg = Release|Any CPU
		{53C9D3E8-CB01-4114-96AD-35BA9179004D}.Release|Any CPU.Build.0 = Release|Any CPU
		{C9F5EF45-BA89-438D-8D0C-D7E4486AD277}.Debug|Any CPU.ActiveCfg = Debug|Any CPU
		{C9F5EF45-BA89-438D-8D0C-D7E4486AD277}.Debug|Any CPU.Build.0 = Debug|Any CPU
		{C9F5EF45-BA89-438D-8D0C-D7E4486AD277}.Release|Any CPU.ActiveCfg = Release|Any CPU
		{C9F5EF45-BA89-438D-8D0C-D7E4486AD277}.Release|Any CPU.Build.0 = Release|Any CPU
		{B8A554D0-AA6F-4E01-BD9E-4F6399137ED9}.Debug|Any CPU.ActiveCfg = Debug|Any CPU
		{B8A554D0-AA6F-4E01-BD9E-4F6399137ED9}.Debug|Any CPU.Build.0 = Debug|Any CPU
		{B8A554D0-AA6F-4E01-BD9E-4F6399137ED9}.Release|Any CPU.ActiveCfg = Release|Any CPU
		{B8A554D0-AA6F-4E01-BD9E-4F6399137ED9}.Release|Any CPU.Build.0 = Release|Any CPU
		{7CC24FEF-B63D-40B2-A995-FA7F11FA43CD}.Debug|Any CPU.ActiveCfg = Debug|Any CPU
		{7CC24FEF-B63D-40B2-A995-FA7F11FA43CD}.Debug|Any CPU.Build.0 = Debug|Any CPU
		{7CC24FEF-B63D-40B2-A995-FA7F11FA43CD}.Release|Any CPU.ActiveCfg = Release|Any CPU
		{7CC24FEF-B63D-40B2-A995-FA7F11FA43CD}.Release|Any CPU.Build.0 = Release|Any CPU
	EndGlobalSection
	GlobalSection(SolutionProperties) = preSolution
		HideSolutionNode = FALSE
	EndGlobalSection
	GlobalSection(ExtensibilityGlobals) = postSolution
		SolutionGuid = {7EB7458B-4365-4E42-963D-DB1A1891391E}
	EndGlobalSection
EndGlobal
