
Microsoft Visual Studio Solution File, Format Version 12.00
# Visual Studio 15
VisualStudioVersion = 15.0.26430.16
MinimumVisualStudioVersion = 10.0.40219.1
Project("{FAE04EC0-301F-11D3-BF4B-00C04F79EFBC}") = "DM.Data", "DM.Data\DM.Data.csproj", "{53C9D3E8-CB01-4114-96AD-35BA9179004D}"
EndProject
Project("{FAE04EC0-301F-11D3-BF4B-00C04F79EFBC}") = "DM.Service", "DM.Service\DM.Service.csproj", "{C9F5EF45-BA89-438D-8D0C-D7E4486AD277}"
EndProject
Project("{FAE04EC0-301F-11D3-BF4B-00C04F79EFBC}") = "DM.Web", "DM.Web\DM.Web.csproj", "{B8A554D0-AA6F-4E01-BD9E-4F6399137ED9}"
EndProject
Global
	GlobalSection(SolutionConfigurationPlatforms) = preSolution
		Debug|Any CPU = Debug|Any CPU
		Release|Any CPU = Release|Any CPU
	EndGlobalSection
	GlobalSection(ProjectConfigurationPlatforms) = postSolution
		{53C9D3E8-CB01-4114-96AD-35BA9179004D}.Debug|Any CPU.ActiveCfg = Debug|Any CPU
		{53C9D3E8-CB01-4114-96AD-35BA9179004D}.Debug|Any CPU.Build.0 = Debug|Any CPU
		{53C9D3E8-CB01-4114-96AD-35BA9179004D}.Release|Any CPU.ActiveCfg = Release|Any CPU
		{53C9D3E8-CB01-4114-96AD-35BA9179004D}.Release|Any CPU.Build.0 = Release|Any CPU
		{C9F5EF45-BA89-438D-8D0C-D7E4486AD277}.Debug|Any CPU.ActiveCfg = Debug|Any CPU
		{C9F5EF45-BA89-438D-8D0C-D7E4486AD277}.Debug|Any CPU.Build.0 = Debug|Any CPU
		{C9F5EF45-BA89-438D-8D0C-D7E4486AD277}.Release|Any CPU.ActiveCfg = Release|Any CPU
		{C9F5EF45-BA89-438D-8D0C-D7E4486AD277}.Release|Any CPU.Build.0 = Release|Any CPU
		{B8A554D0-AA6F-4E01-BD9E-4F6399137ED9}.Debug|Any CPU.ActiveCfg = Debug|Any CPU
		{B8A554D0-AA6F-4E01-BD9E-4F6399137ED9}.Debug|Any CPU.Build.0 = Debug|Any CPU
		{B8A554D0-AA6F-4E01-BD9E-4F6399137ED9}.Release|Any CPU.ActiveCfg = Release|Any CPU
		{B8A554D0-AA6F-4E01-BD9E-4F6399137ED9}.Release|Any CPU.Build.0 = Release|Any CPU
	EndGlobalSection
	GlobalSection(SolutionProperties) = preSolution
		HideSolutionNode = FALSE
	EndGlobalSection
EndGlobal
